{
  "name": "electric-shop",
  "version": "0.1.0",
  "lockfileVersion": 1,
  "requires": true,
  "dependencies": {
    "@heroicons/react": {
      "version": "2.2.0",
      "resolved": "https://registry.npmjs.org/@heroicons/react/-/react-2.2.0.tgz",
      "integrity": "sha512-LMcepvRaS9LYHJGsF0zzmgKCUim/X3N/DQKc4jepAXJ7l8QxJ1PmxJzqplF2Z3FE4PqBAIGyJAQ/w4B5dsqbtQ=="
    },
    "react-icons": {
      "version": "5.5.0",
      "resolved": "https://registry.npmjs.org/react-icons/-/react-icons-5.5.0.tgz",
      "integrity": "sha512-MEFcXdkP3dLo8uumGI5xN3lDFNsRtrjbOEKDLD7yv76v4wpnEq2Lt2qeHaQOr34I/wPN3s3+N08WkQ+CW37Xiw=="
    },
    "@next/swc-darwin-arm64": {
      "version": "15.4.6",
      "resolved": "https://registry.npmjs.org/@next/swc-darwin-arm64/-/swc-darwin-arm64-15.4.6.tgz",
      "integrity": "sha512-667R0RTP4DwxzmrqTs4Lr5dcEda9OxuZsVFsjVtxVMVhzSpo6nLclXejJVfQo2/g7/Z9qF3ETDmN3h65mTjpTQ==",
      "optional": true
    },
    "@next/swc-darwin-x64": {
      "version": "15.4.6",
      "resolved": "https://registry.npmjs.org/@next/swc-darwin-x64/-/swc-darwin-x64-15.4.6.tgz",
      "integrity": "sha512-KMSFoistFkaiQYVQQnaU9MPWtp/3m0kn2Xed1Ces5ll+ag1+rlac20sxG+MqhH2qYWX1O2GFOATQXEyxKiIscg==",
      "optional": true
    },
    "@next/swc-linux-arm64-gnu": {
      "version": "15.4.6",
      "resolved": "https://registry.npmjs.org/@next/swc-linux-arm64-gnu/-/swc-linux-arm64-gnu-15.4.6.tgz",
      "integrity": "sha512-PnOx1YdO0W7m/HWFeYd2A6JtBO8O8Eb9h6nfJia2Dw1sRHoHpNf6lN1U4GKFRzRDBi9Nq2GrHk9PF3Vmwf7XVw==",
      "optional": true
    },
    "@next/swc-linux-arm64-musl": {
      "version": "15.4.6",
      "resolved": "https://registry.npmjs.org/@next/swc-linux-arm64-musl/-/swc-linux-arm64-musl-15.4.6.tgz",
      "integrity": "sha512-XBbuQddtY1p5FGPc2naMO0kqs4YYtLYK/8aPausI5lyOjr4J77KTG9mtlU4P3NwkLI1+OjsPzKVvSJdMs3cFaw==",
      "optional": true
    },
    "@next/swc-linux-x64-gnu": {
      "version": "15.4.6",
      "resolved": "https://registry.npmjs.org/@next/swc-linux-x64-gnu/-/swc-linux-x64-gnu-15.4.6.tgz",
      "integrity": "sha512-+WTeK7Qdw82ez3U9JgD+igBAP75gqZ1vbK6R8PlEEuY0OIe5FuYXA4aTjL811kWPf7hNeslD4hHK2WoM9W0IgA==",
      "optional": true
    },
    "@next/swc-linux-x64-musl": {
      "version": "15.4.6",
      "resolved": "https://registry.npmjs.org/@next/swc-linux-x64-musl/-/swc-linux-x64-musl-15.4.6.tgz",
      "integrity": "sha512-XP824mCbgQsK20jlXKrUpZoh/iO3vUWhMpxCz8oYeagoiZ4V0TQiKy0ASji1KK6IAe3DYGfj5RfKP6+L2020OQ==",
      "optional": true
    },
    "@next/swc-win32-arm64-msvc": {
      "version": "15.4.6",
      "resolved": "https://registry.npmjs.org/@next/swc-win32-arm64-msvc/-/swc-win32-arm64-msvc-15.4.6.tgz",
      "integrity": "sha512-FxrsenhUz0LbgRkNWx6FRRJIPe/MI1JRA4W4EPd5leXO00AZ6YU8v5vfx4MDXTvN77lM/EqsE3+6d2CIeF5NYg==",
      "optional": true
    },
    "@next/swc-win32-x64-msvc": {
      "version": "15.4.6",
      "resolved": "https://registry.npmjs.org/@next/swc-win32-x64-msvc/-/swc-win32-x64-msvc-15.4.6.tgz",
      "integrity": "sha512-T4ufqnZ4u88ZheczkBTtOF+eKaM14V8kbjud/XrAakoM5DKQWjW09vD6B9fsdsWS2T7D5EY31hRHdta7QKWOng==",
      "optional": true
    }
  }
}
